{
    "_meta": {
        "hash": {
            "sha256": "3497bc7575e1842e74e95ad51e5c19b499f74fb1987394556bdbce26d5bd7258"
        },
        "pipfile-spec": 6,
        "requires": {
            "python_version": "3.12.3"
        },
        "sources": [
            {
                "name": "pypi",
                "url": "https://pypi.python.org/simple",
                "verify_ssl": true
            }
        ]
    },
    "default": {},
    "develop": {}
}
